
Microsoft Visual Studio Solution File, Format Version 12.00
# Visual Studio 14
VisualStudioVersion = 14.0.23107.0
MinimumVisualStudioVersion = 10.0.40219.1
Project("{2150E333-8FDC-42A3-9474-1A3956D46DE8}") = "src", "src", "{5F29B023-6B24-4AEA-8113-8789A617020B}"
EndProject
Project("{2150E333-8FDC-42A3-9474-1A3956D46DE8}") = "data", "data", "{7B25BD10-AB6C-4DCE-A096-2BDD03BA042A}"
EndProject
Project("{2150E333-8FDC-42A3-9474-1A3956D46DE8}") = "BoundedContext", "BoundedContext", "{E451D696-7F54-4333-8CFA-D4DA55D10CC3}"
EndProject
Project("{2150E333-8FDC-42A3-9474-1A3956D46DE8}") = "Repository", "Repository", "{CCA7B192-B220-46FF-9116-875A43D0DAC0}"
EndProject
Project("{2150E333-8FDC-42A3-9474-1A3956D46DE8}") = "DomainClasses", "DomainClasses", "{8B4DA303-BA14-4844-ACCD-E7621698354A}"
EndProject
Project("{2150E333-8FDC-42A3-9474-1A3956D46DE8}") = "test", "test", "{78B9EBAA-4F9F-4FFF-93A2-A71CB90A0AD0}"
EndProject
Project("{2150E333-8FDC-42A3-9474-1A3956D46DE8}") = "service", "service", "{49954E48-9854-4646-A2D5-8874AA2613C0}"
EndProject
Project("{2150E333-8FDC-42A3-9474-1A3956D46DE8}") = "web", "web", "{47EFBD2B-0588-4E2F-BF2E-8581008B6007}"
EndProject
Project("{2150E333-8FDC-42A3-9474-1A3956D46DE8}") = "Initilization", "Initilization", "{820BA580-F9B5-42E3-AFB3-648231C38B13}"
EndProject
Project("{FAE04EC0-301F-11D3-BF4B-00C04F79EFBC}") = "mRingo.Data.mRingoContext", "mRingo.Data.AccountContext\mRingo.Data.mRingoContext.csproj", "{93A8D353-A545-419B-8A47-98F394AD460F}"
EndProject
Project("{FAE04EC0-301F-11D3-BF4B-00C04F79EFBC}") = "mRingo.Data", "mRingo.Data\mRingo.Data.csproj", "{B0EF8A62-12DF-4140-874C-B1794147B228}"
EndProject
Project("{FAE04EC0-301F-11D3-BF4B-00C04F79EFBC}") = "mRingo.Data.Initilization", "mRingo.Data.Initilization\mRingo.Data.Initilization.csproj", "{D36705B7-1A2E-4D74-A014-8675DCA309A6}"
EndProject
Project("{FAE04EC0-301F-11D3-BF4B-00C04F79EFBC}") = "mRingo.Data.Repositories", "mRingo.Data.Repositories.Disconnected\mRingo.Data.Repositories.csproj", "{4D821CCD-0B66-42CC-A7CB-B1922A7DC668}"
EndProject
Project("{FAE04EC0-301F-11D3-BF4B-00C04F79EFBC}") = "mRingo.Data.Test", "mRingo.Data.Test\mRingo.Data.Test.csproj", "{3C72590E-8A87-409B-9494-F8E3F7E56DB6}"
EndProject
Project("{FAE04EC0-301F-11D3-BF4B-00C04F79EFBC}") = "mRingo.Repositories.Test", "mRingo.Repositories.Test\mRingo.Repositories.Test.csproj", "{FB912F4D-F1B9-425C-BEC5-DC536FDF8385}"
EndProject
Project("{FAE04EC0-301F-11D3-BF4B-00C04F79EFBC}") = "mRingo.Web.Tests", "mRingo.Web.Tests\mRingo.Web.Tests.csproj", "{135B46AA-8875-43FD-AB3B-74CA40138DE1}"
EndProject
Project("{FAE04EC0-301F-11D3-BF4B-00C04F79EFBC}") = "mRingo.Web", "mRingo.Web\mRingo.Web.csproj", "{70A9CE74-BC92-43D7-A97B-02F7EA2AEE4F}"
EndProject
Project("{2150E333-8FDC-42A3-9474-1A3956D46DE8}") = ".nuget", ".nuget", "{BE04FF71-6C12-4C3E-82C9-1BB8F9AFECE1}"
	ProjectSection(SolutionItems) = preProject
		.nuget\NuGet.Config = .nuget\NuGet.Config
		.nuget\NuGet.exe = .nuget\NuGet.exe
		.nuget\NuGet.targets = .nuget\NuGet.targets
	EndProjectSection
EndProject
Project("{2150E333-8FDC-42A3-9474-1A3956D46DE8}") = "doc", "doc", "{C47577ED-F692-4C8B-B34B-BB362BC6F697}"
	ProjectSection(SolutionItems) = preProject
		Web_Db_Migrations.txt = Web_Db_Migrations.txt
	EndProjectSection
EndProject
Project("{FAE04EC0-301F-11D3-BF4B-00C04F79EFBC}") = "mRingo.Data.Service", "..\..\..\..\Visual Studio 2015\Projects\mRingo.Data.Service\mRingo.Data.Service\mRingo.Data.Service.csproj", "{B02D13F2-F67B-4208-8AE8-D038A0F08122}"
EndProject
Global
	GlobalSection(SolutionConfigurationPlatforms) = preSolution
		Debug|Any CPU = Debug|Any CPU
		Release|Any CPU = Release|Any CPU
	EndGlobalSection
	GlobalSection(ProjectConfigurationPlatforms) = postSolution
		{93A8D353-A545-419B-8A47-98F394AD460F}.Debug|Any CPU.ActiveCfg = Debug|Any CPU
		{93A8D353-A545-419B-8A47-98F394AD460F}.Debug|Any CPU.Build.0 = Debug|Any CPU
		{93A8D353-A545-419B-8A47-98F394AD460F}.Release|Any CPU.ActiveCfg = Release|Any CPU
		{93A8D353-A545-419B-8A47-98F394AD460F}.Release|Any CPU.Build.0 = Release|Any CPU
		{B0EF8A62-12DF-4140-874C-B1794147B228}.Debug|Any CPU.ActiveCfg = Debug|Any CPU
		{B0EF8A62-12DF-4140-874C-B1794147B228}.Debug|Any CPU.Build.0 = Debug|Any CPU
		{B0EF8A62-12DF-4140-874C-B1794147B228}.Release|Any CPU.ActiveCfg = Release|Any CPU
		{B0EF8A62-12DF-4140-874C-B1794147B228}.Release|Any CPU.Build.0 = Release|Any CPU
		{D36705B7-1A2E-4D74-A014-8675DCA309A6}.Debug|Any CPU.ActiveCfg = Debug|Any CPU
		{D36705B7-1A2E-4D74-A014-8675DCA309A6}.Debug|Any CPU.Build.0 = Debug|Any CPU
		{D36705B7-1A2E-4D74-A014-8675DCA309A6}.Release|Any CPU.ActiveCfg = Release|Any CPU
		{D36705B7-1A2E-4D74-A014-8675DCA309A6}.Release|Any CPU.Build.0 = Release|Any CPU
		{4D821CCD-0B66-42CC-A7CB-B1922A7DC668}.Debug|Any CPU.ActiveCfg = Debug|Any CPU
		{4D821CCD-0B66-42CC-A7CB-B1922A7DC668}.Debug|Any CPU.Build.0 = Debug|Any CPU
		{4D821CCD-0B66-42CC-A7CB-B1922A7DC668}.Release|Any CPU.ActiveCfg = Release|Any CPU
		{4D821CCD-0B66-42CC-A7CB-B1922A7DC668}.Release|Any CPU.Build.0 = Release|Any CPU
		{3C72590E-8A87-409B-9494-F8E3F7E56DB6}.Debug|Any CPU.ActiveCfg = Debug|Any CPU
		{3C72590E-8A87-409B-9494-F8E3F7E56DB6}.Debug|Any CPU.Build.0 = Debug|Any CPU
		{3C72590E-8A87-409B-9494-F8E3F7E56DB6}.Release|Any CPU.ActiveCfg = Release|Any CPU
		{3C72590E-8A87-409B-9494-F8E3F7E56DB6}.Release|Any CPU.Build.0 = Release|Any CPU
		{FB912F4D-F1B9-425C-BEC5-DC536FDF8385}.Debug|Any CPU.ActiveCfg = Debug|Any CPU
		{FB912F4D-F1B9-425C-BEC5-DC536FDF8385}.Debug|Any CPU.Build.0 = Debug|Any CPU
		{FB912F4D-F1B9-425C-BEC5-DC536FDF8385}.Release|Any CPU.ActiveCfg = Release|Any CPU
		{FB912F4D-F1B9-425C-BEC5-DC536FDF8385}.Release|Any CPU.Build.0 = Release|Any CPU
		{135B46AA-8875-43FD-AB3B-74CA40138DE1}.Debug|Any CPU.ActiveCfg = Debug|Any CPU
		{135B46AA-8875-43FD-AB3B-74CA40138DE1}.Debug|Any CPU.Build.0 = Debug|Any CPU
		{135B46AA-8875-43FD-AB3B-74CA40138DE1}.Release|Any CPU.ActiveCfg = Release|Any CPU
		{135B46AA-8875-43FD-AB3B-74CA40138DE1}.Release|Any CPU.Build.0 = Release|Any CPU
		{70A9CE74-BC92-43D7-A97B-02F7EA2AEE4F}.Debug|Any CPU.ActiveCfg = Debug|Any CPU
		{70A9CE74-BC92-43D7-A97B-02F7EA2AEE4F}.Debug|Any CPU.Build.0 = Debug|Any CPU
		{70A9CE74-BC92-43D7-A97B-02F7EA2AEE4F}.Release|Any CPU.ActiveCfg = Release|Any CPU
		{70A9CE74-BC92-43D7-A97B-02F7EA2AEE4F}.Release|Any CPU.Build.0 = Release|Any CPU
		{B02D13F2-F67B-4208-8AE8-D038A0F08122}.Debug|Any CPU.ActiveCfg = Debug|Any CPU
		{B02D13F2-F67B-4208-8AE8-D038A0F08122}.Debug|Any CPU.Build.0 = Debug|Any CPU
		{B02D13F2-F67B-4208-8AE8-D038A0F08122}.Release|Any CPU.ActiveCfg = Release|Any CPU
		{B02D13F2-F67B-4208-8AE8-D038A0F08122}.Release|Any CPU.Build.0 = Release|Any CPU
	EndGlobalSection
	GlobalSection(SolutionProperties) = preSolution
		HideSolutionNode = FALSE
	EndGlobalSection
	GlobalSection(NestedProjects) = preSolution
		{7B25BD10-AB6C-4DCE-A096-2BDD03BA042A} = {5F29B023-6B24-4AEA-8113-8789A617020B}
		{E451D696-7F54-4333-8CFA-D4DA55D10CC3} = {7B25BD10-AB6C-4DCE-A096-2BDD03BA042A}
		{CCA7B192-B220-46FF-9116-875A43D0DAC0} = {7B25BD10-AB6C-4DCE-A096-2BDD03BA042A}
		{8B4DA303-BA14-4844-ACCD-E7621698354A} = {7B25BD10-AB6C-4DCE-A096-2BDD03BA042A}
		{78B9EBAA-4F9F-4FFF-93A2-A71CB90A0AD0} = {5F29B023-6B24-4AEA-8113-8789A617020B}
		{49954E48-9854-4646-A2D5-8874AA2613C0} = {5F29B023-6B24-4AEA-8113-8789A617020B}
		{47EFBD2B-0588-4E2F-BF2E-8581008B6007} = {5F29B023-6B24-4AEA-8113-8789A617020B}
		{820BA580-F9B5-42E3-AFB3-648231C38B13} = {7B25BD10-AB6C-4DCE-A096-2BDD03BA042A}
		{93A8D353-A545-419B-8A47-98F394AD460F} = {E451D696-7F54-4333-8CFA-D4DA55D10CC3}
		{B0EF8A62-12DF-4140-874C-B1794147B228} = {8B4DA303-BA14-4844-ACCD-E7621698354A}
		{D36705B7-1A2E-4D74-A014-8675DCA309A6} = {820BA580-F9B5-42E3-AFB3-648231C38B13}
		{4D821CCD-0B66-42CC-A7CB-B1922A7DC668} = {CCA7B192-B220-46FF-9116-875A43D0DAC0}
		{3C72590E-8A87-409B-9494-F8E3F7E56DB6} = {78B9EBAA-4F9F-4FFF-93A2-A71CB90A0AD0}
		{FB912F4D-F1B9-425C-BEC5-DC536FDF8385} = {78B9EBAA-4F9F-4FFF-93A2-A71CB90A0AD0}
		{135B46AA-8875-43FD-AB3B-74CA40138DE1} = {78B9EBAA-4F9F-4FFF-93A2-A71CB90A0AD0}
		{70A9CE74-BC92-43D7-A97B-02F7EA2AEE4F} = {47EFBD2B-0588-4E2F-BF2E-8581008B6007}
		{C47577ED-F692-4C8B-B34B-BB362BC6F697} = {5F29B023-6B24-4AEA-8113-8789A617020B}
		{B02D13F2-F67B-4208-8AE8-D038A0F08122} = {49954E48-9854-4646-A2D5-8874AA2613C0}
	EndGlobalSection
EndGlobal
